// !$*UTF8*$!
{
	archiveVersion = 1;
	classes = {
	};
	objectVersion = 56;
	objects = {

/* Begin PBXBuildFile section */
		019F8BA22A1B1F8000AB835D /* AppDelegate.m in Sources */ = {isa = PBXBuildFile; fileRef = 019F8BA12A1B1F8000AB835D /* AppDelegate.m */; };
		019F8BA82A1B1F8000AB835D /* ViewController.m in Sources */ = {isa = PBXBuildFile; fileRef = 019F8BA72A1B1F8000AB835D /* ViewController.m */; };
		019F8BAB2A1B1F8000AB835D /* Main.storyboard in Resources */ = {isa = PBXBuildFile; fileRef = 019F8BA92A1B1F8000AB835D /* Main.storyboard */; };
		019F8BAD2A1B1F8200AB835D /* Assets.xcassets in Resources */ = {isa = PBXBuildFile; fileRef = 019F8BAC2A1B1F8200AB835D /* Assets.xcassets */; };
		019F8BB02A1B1F8200AB835D /* LaunchScreen.storyboard in Resources */ = {isa = PBXBuildFile; fileRef = 019F8BAE2A1B1F8200AB835D /* LaunchScreen.storyboard */; };
		019F8BB32A1B1F8200AB835D /* main.m in Sources */ = {isa = PBXBuildFile; fileRef = 019F8BB22A1B1F8200AB835D /* main.m */; };
		019F8BBC2A1B1FBA00AB835D /* HDDevice.m in Sources */ = {isa = PBXBuildFile; fileRef = 019F8BBA2A1B1FBA00AB835D /* HDDevice.m */; };
/* End PBXBuildFile section */

/* Begin PBXFileReference section */
		019F8B9D2A1B1F8000AB835D /* HCDeviceInfo.app */ = {isa = PBXFileReference; explicitFileType = wrapper.application; includeInIndex = 0; path = HCDeviceInfo.app; sourceTree = BUILT_PRODUCTS_DIR; };
		019F8BA02A1B1F8000AB835D /* AppDelegate.h */ = {isa = PBXFileReference; lastKnownFileType = sourcecode.c.h; path = AppDelegate.h; sourceTree = "<group>"; };
		019F8BA12A1B1F8000AB835D /* AppDelegate.m */ = {isa = PBXFileReference; lastKnownFileType = sourcecode.c.objc; path = AppDelegate.m; sourceTree = "<group>"; };
		019F8BA62A1B1F8000AB835D /* ViewController.h */ = {isa = PBXFileReference; lastKnownFileType = sourcecode.c.h; path = ViewController.h; sourceTree = "<group>"; };
		019F8BA72A1B1F8000AB835D /* ViewController.m */ = {isa = PBXFileReference; lastKnownFileType = sourcecode.c.objc; path = ViewController.m; sourceTree = "<group>"; };
		019F8BAA2A1B1F8000AB835D /* Base */ = {isa = PBXFileReference; lastKnownFileType = file.storyboard; name = Base; path = Base.lproj/Main.storyboard; sourceTree = "<group>"; };
		019F8BAC2A1B1F8200AB835D /* Assets.xcassets */ = {isa = PBXFileReference; lastKnownFileType = folder.assetcatalog; path = Assets.xcassets; sourceTree = "<group>"; };
		019F8BAF2A1B1F8200AB835D /* Base */ = {isa = PBXFileReference; lastKnownFileType = file.storyboard; name = Base; path = Base.lproj/LaunchScreen.storyboard; sourceTree = "<group>"; };
		019F8BB12A1B1F8200AB835D /* Info.plist */ = {isa = PBXFileReference; lastKnownFileType = text.plist.xml; path = Info.plist; sourceTree = "<group>"; };
		019F8BB22A1B1F8200AB835D /* main.m */ = {isa = PBXFileReference; lastKnownFileType = sourcecode.c.objc; path = main.m; sourceTree = "<group>"; };
		019F8BBA2A1B1FBA00AB835D /* HDDevice.m */ = {isa = PBXFileReference; fileEncoding = 4; lastKnownFileType = sourcecode.c.objc; path = HDDevice.m; sourceTree = "<group>"; };
		019F8BBB2A1B1FBA00AB835D /* HDDevice.h */ = {isa = PBXFileReference; fileEncoding = 4; lastKnownFileType = sourcecode.c.h; path = HDDevice.h; sourceTree = "<group>"; };
/* End PBXFileReference section */

/* Begin PBXFrameworksBuildPhase section */
		019F8B9A2A1B1F8000AB835D /* Frameworks */ = {
			isa = PBXFrameworksBuildPhase;
			buildActionMask = 2147483647;
			files = (
			);
			runOnlyForDeploymentPostprocessing = 0;
		};
/* End PBXFrameworksBuildPhase section */

/* Begin PBXGroup section */
		019F8B942A1B1F8000AB835D = {
			isa = PBXGroup;
			children = (
				019F8B9F2A1B1F8000AB835D /* HCDeviceInfo */,
				019F8B9E2A1B1F8000AB835D /* Products */,
			);
			sourceTree = "<group>";
		};
		019F8B9E2A1B1F8000AB835D /* Products */ = {
			isa = PBXGroup;
			children = (
				019F8B9D2A1B1F8000AB835D /* HCDeviceInfo.app */,
			);
			name = Products;
			sourceTree = "<group>";
		};
		019F8B9F2A1B1F8000AB835D /* HCDeviceInfo */ = {
			isa = PBXGroup;
			children = (
				019F8BB92A1B1FA100AB835D /* Classes */,
				019F8BA02A1B1F8000AB835D /* AppDelegate.h */,
				019F8BA12A1B1F8000AB835D /* AppDelegate.m */,
				019F8BA62A1B1F8000AB835D /* ViewController.h */,
				019F8BA72A1B1F8000AB835D /* ViewController.m */,
				019F8BA92A1B1F8000AB835D /* Main.storyboard */,
				019F8BAC2A1B1F8200AB835D /* Assets.xcassets */,
				019F8BAE2A1B1F8200AB835D /* LaunchScreen.storyboard */,
				019F8BB12A1B1F8200AB835D /* Info.plist */,
				019F8BB22A1B1F8200AB835D /* main.m */,
			);
			path = HCDeviceInfo;
			sourceTree = "<group>";
		};
		019F8BB92A1B1FA100AB835D /* Classes */ = {
			isa = PBXGroup;
			children = (
				019F8BBB2A1B1FBA00AB835D /* HDDevice.h */,
				019F8BBA2A1B1FBA00AB835D /* HDDevice.m */,
			);
			path = Classes;
			sourceTree = "<group>";
		};
/* End PBXGroup section */

/* Begin PBXNativeTarget section */
		019F8B9C2A1B1F8000AB835D /* HCDeviceInfo */ = {
			isa = PBXNativeTarget;
			buildConfigurationList = 019F8BB62A1B1F8200AB835D /* Build configuration list for PBXNativeTarget "HCDeviceInfo" */;
			buildPhases = (
				019F8B992A1B1F8000AB835D /* Sources */,
				019F8B9A2A1B1F8000AB835D /* Frameworks */,
				019F8B9B2A1B1F8000AB835D /* Resources */,
			);
			buildRules = (
			);
			dependencies = (
			);
			name = HCDeviceInfo;
			productName = HCDeviceInfo;
			productReference = 019F8B9D2A1B1F8000AB835D /* HCDeviceInfo.app */;
			productType = "com.apple.product-type.application";
		};
/* End PBXNativeTarget section */

/* Begin PBXProject section */
		019F8B952A1B1F8000AB835D /* Project object */ = {
			isa = PBXProject;
			attributes = {
				BuildIndependentTargetsInParallel = 1;
				LastUpgradeCheck = 1430;
				TargetAttributes = {
					019F8B9C2A1B1F8000AB835D = {
						CreatedOnToolsVersion = 14.3;
					};
				};
			};
			buildConfigurationList = 019F8B982A1B1F8000AB835D /* Build configuration list for PBXProject "HCDeviceInfo" */;
			compatibilityVersion = "Xcode 14.0";
			developmentRegion = en;
			hasScannedForEncodings = 0;
			knownRegions = (
				en,
				Base,
			);
			mainGroup = 019F8B942A1B1F8000AB835D;
			productRefGroup = 019F8B9E2A1B1F8000AB835D /* Products */;
			projectDirPath = "";
			projectRoot = "";
			targets = (
				019F8B9C2A1B1F8000AB835D /* HCDeviceInfo */,
			);
		};
/* End PBXProject section */

/* Begin PBXResourcesBuildPhase section */
		019F8B9B2A1B1F8000AB835D /* Resources */ = {
			isa = PBXResourcesBuildPhase;
			buildActionMask = 2147483647;
			files = (
				019F8BB02A1B1F8200AB835D /* LaunchScreen.storyboard in Resources */,
				019F8BAD2A1B1F8200AB835D /* Assets.xcassets in Resources */,
				019F8BAB2A1B1F8000AB835D /* Main.storyboard in Resources */,
			);
			runOnlyForDeploymentPostprocessing = 0;
		};
/* End PBXResourcesBuildPhase section */

/* Begin PBXSourcesBuildPhase section */
		019F8B992A1B1F8000AB835D /* Sources */ = {
			isa = PBXSourcesBuildPhase;
			buildActionMask = 2147483647;
			files = (
				019F8BA82A1B1F8000AB835D /* ViewController.m in Sources */,
				019F8BBC2A1B1FBA00AB835D /* HDDevice.m in Sources */,
				019F8BA22A1B1F8000AB835D /* AppDelegate.m in Sources */,
				019F8BB32A1B1F8200AB835D /* main.m in Sources */,
			);
			runOnlyForDeploymentPostprocessing = 0;
		};
/* End PBXSourcesBuildPhase section */

/* Begin PBXVariantGroup section */
		019F8BA92A1B1F8000AB835D /* Main.storyboard */ = {
			isa = PBXVariantGroup;
			children = (
				019F8BAA2A1B1F8000AB835D /* Base */,
			);
			name = Main.storyboard;
			sourceTree = "<group>";
		};
		019F8BAE2A1B1F8200AB835D /* LaunchScreen.storyboard */ = {
			isa = PBXVariantGroup;
			children = (
				019F8BAF2A1B1F8200AB835D /* Base */,
			);
			name = LaunchScreen.storyboard;
			sourceTree = "<group>";
		};
/* End PBXVariantGroup section */

/* Begin XCBuildConfiguration section */
		019F8BB42A1B1F8200AB835D /* Debug */ = {
			isa = XCBuildConfiguration;
			buildSettings = {
				ALWAYS_SEARCH_USER_PATHS = NO;
				CLANG_ANALYZER_NONNULL = YES;
				CLANG_ANALYZER_NUMBER_OBJECT_CONVERSION = YES_AGGRESSIVE;
				CLANG_CXX_LANGUAGE_STANDARD = "gnu++20";
				CLANG_ENABLE_MODULES = YES;
				CLANG_ENABLE_OBJC_ARC = YES;
				CLANG_ENABLE_OBJC_WEAK = YES;
				CLANG_WARN_BLOCK_CAPTURE_AUTORELEASING = YES;
				CLANG_WARN_BOOL_CONVERSION = YES;
				CLANG_WARN_COMMA = YES;
				CLANG_WARN_CONSTANT_CONVERSION = YES;
				CLANG_WARN_DEPRECATED_OBJC_IMPLEMENTATIONS = YES;
				CLANG_WARN_DIRECT_OBJC_ISA_USAGE = YES_ERROR;
				CLANG_WARN_DOCUMENTATION_COMMENTS = YES;
				CLANG_WARN_EMPTY_BODY = YES;
				CLANG_WARN_ENUM_CONVERSION = YES;
				CLANG_WARN_INFINITE_RECURSION = YES;
				CLANG_WARN_INT_CONVERSION = YES;
				CLANG_WARN_NON_LITERAL_NULL_CONVERSION = YES;
				CLANG_WARN_OBJC_IMPLICIT_RETAIN_SELF = YES;
				CLANG_WARN_OBJC_LITERAL_CONVERSION = YES;
				CLANG_WARN_OBJC_ROOT_CLASS = YES_ERROR;
				CLANG_WARN_QUOTED_INCLUDE_IN_FRAMEWORK_HEADER = YES;
				CLANG_WARN_RANGE_LOOP_ANALYSIS = YES;
				CLANG_WARN_STRICT_PROTOTYPES = YES;
				CLANG_WARN_SUSPICIOUS_MOVE = YES;
				CLANG_WARN_UNGUARDED_AVAILABILITY = YES_AGGRESSIVE;
				CLANG_WARN_UNREACHABLE_CODE = YES;
				CLANG_WARN__DUPLICATE_METHOD_MATCH = YES;
				COPY_PHASE_STRIP = NO;
				DEBUG_INFORMATION_FORMAT = dwarf;
				ENABLE_STRICT_OBJC_MSGSEND = YES;
				ENABLE_TESTABILITY = YES;
				GCC_C_LANGUAGE_STANDARD = gnu11;
				GCC_DYNAMIC_NO_PIC = NO;
				GCC_NO_COMMON_BLOCKS = YES;
				GCC_OPTIMIZATION_LEVEL = 0;
				GCC_PREPROCESSOR_DEFINITIONS = (
					"DEBUG=1",
					"$(inherited)",
				);
				GCC_WARN_64_TO_32_BIT_CONVERSION = YES;
				GCC_WARN_ABOUT_RETURN_TYPE = YES_ERROR;
				GCC_WARN_UNDECLARED_SELECTOR = YES;
				GCC_WARN_UNINITIALIZED_AUTOS = YES_AGGRESSIVE;
				GCC_WARN_UNUSED_FUNCTION = YES;
				GCC_WARN_UNUSED_VARIABLE = YES;
				IPHONEOS_DEPLOYMENT_TARGET = 16.4;
				MTL_ENABLE_DEBUG_INFO = INCLUDE_SOURCE;
				MTL_FAST_MATH = YES;
				ONLY_ACTIVE_ARCH = YES;
				SDKROOT = iphoneos;
			};
			name = Debug;
		};
		019F8BB52A1B1F8200AB835D /* Release */ = {
			isa = XCBuildConfiguration;
			buildSettings = {
				ALWAYS_SEARCH_USER_PATHS = NO;
				CLANG_ANALYZER_NONNULL = YES;
				CLANG_ANALYZER_NUMBER_OBJECT_CONVERSION = YES_AGGRESSIVE;
				CLANG_CXX_LANGUAGE_STANDARD = "gnu++20";
				CLANG_ENABLE_MODULES = YES;
				CLANG_ENABLE_OBJC_ARC = YES;
				CLANG_ENABLE_OBJC_WEAK = YES;
				CLANG_WARN_BLOCK_CAPTURE_AUTORELEASING = YES;
				CLANG_WARN_BOOL_CONVERSION = YES;
				CLANG_WARN_COMMA = YES;
				CLANG_WARN_CONSTANT_CONVERSION = YES;
				CLANG_WARN_DEPRECATED_OBJC_IMPLEMENTATIONS = YES;
				CLANG_WARN_DIRECT_OBJC_ISA_USAGE = YES_ERROR;
				CLANG_WARN_DOCUMENTATION_COMMENTS = YES;
				CLANG_WARN_EMPTY_BODY = YES;
				CLANG_WARN_ENUM_CONVERSION = YES;
				CLANG_WARN_INFINITE_RECURSION = YES;
				CLANG_WARN_INT_CONVERSION = YES;
				CLANG_WARN_NON_LITERAL_NULL_CONVERSION = YES;
				CLANG_WARN_OBJC_IMPLICIT_RETAIN_SELF = YES;
				CLANG_WARN_OBJC_LITERAL_CONVERSION = YES;
				CLANG_WARN_OBJC_ROOT_CLASS = YES_ERROR;
				CLANG_WARN_QUOTED_INCLUDE_IN_FRAMEWORK_HEADER = YES;
				CLANG_WARN_RANGE_LOOP_ANALYSIS = YES;
				CLANG_WARN_STRICT_PROTOTYPES = YES;
				CLANG_WARN_SUSPICIOUS_MOVE = YES;
				CLANG_WARN_UNGUARDED_AVAILABILITY = YES_AGGRESSIVE;
				CLANG_WARN_UNREACHABLE_CODE = YES;
				CLANG_WARN__DUPLICATE_METHOD_MATCH = YES;
				COPY_PHASE_STRIP = NO;
				DEBUG_INFORMATION_FORMAT = "dwarf-with-dsym";
				ENABLE_NS_ASSERTIONS = NO;
				ENABLE_STRICT_OBJC_MSGSEND = YES;
				GCC_C_LANGUAGE_STANDARD = gnu11;
				GCC_NO_COMMON_BLOCKS = YES;
				GCC_WARN_64_TO_32_BIT_CONVERSION = YES;
				GCC_WARN_ABOUT_RETURN_TYPE = YES_ERROR;
				GCC_WARN_UNDECLARED_SELECTOR = YES;
				GCC_WARN_UNINITIALIZED_AUTOS = YES_AGGRESSIVE;
				GCC_WARN_UNUSED_FUNCTION = YES;
				GCC_WARN_UNUSED_VARIABLE = YES;
				IPHONEOS_DEPLOYMENT_TARGET = 16.4;
				MTL_ENABLE_DEBUG_INFO = NO;
				MTL_FAST_MATH = YES;
				SDKROOT = iphoneos;
				VALIDATE_PRODUCT = YES;
			};
			name = Release;
		};
		019F8BB72A1B1F8200AB835D /* Debug */ = {
			isa = XCBuildConfiguration;
			buildSettings = {
				ASSETCATALOG_COMPILER_APPICON_NAME = AppIcon;
				ASSETCATALOG_COMPILER_GLOBAL_ACCENT_COLOR_NAME = AccentColor;
				CODE_SIGN_STYLE = Automatic;
				CURRENT_PROJECT_VERSION = 1;
				GENERATE_INFOPLIST_FILE = YES;
				INFOPLIST_FILE = HCDeviceInfo/Info.plist;
				INFOPLIST_KEY_UIApplicationSupportsIndirectInputEvents = YES;
				INFOPLIST_KEY_UILaunchStoryboardName = LaunchScreen;
				INFOPLIST_KEY_UIMainStoryboardFile = Main;
				INFOPLIST_KEY_UISupportedInterfaceOrientations_iPad = "UIInterfaceOrientationPortrait UIInterfaceOrientationPortraitUpsideDown UIInterfaceOrientationLandscapeLeft UIInterfaceOrientationLandscapeRight";
				INFOPLIST_KEY_UISupportedInterfaceOrientations_iPhone = "UIInterfaceOrientationPortrait UIInterfaceOrientationLandscapeLeft UIInterfaceOrientationLandscapeRight";
				IPHONEOS_DEPLOYMENT_TARGET = 12.0;
				LD_RUNPATH_SEARCH_PATHS = (
					"$(inherited)",
					"@executable_path/Frameworks",
				);
				MARKETING_VERSION = 1.0;
				PRODUCT_BUNDLE_IDENTIFIER = WhiteWhaleTech.HCDeviceInfo;
				PRODUCT_NAME = "$(TARGET_NAME)";
				SWIFT_EMIT_LOC_STRINGS = YES;
				TARGETED_DEVICE_FAMILY = "1,2";
			};
			name = Debug;
		};
		019F8BB82A1B1F8200AB835D /* Release */ = {
			isa = XCBuildConfiguration;
			buildSettings = {
				ASSETCATALOG_COMPILER_APPICON_NAME = AppIcon;
				ASSETCATALOG_COMPILER_GLOBAL_ACCENT_COLOR_NAME = AccentColor;
				CODE_SIGN_STYLE = Automatic;
				CURRENT_PROJECT_VERSION = 1;
				GENERATE_INFOPLIST_FILE = YES;
				INFOPLIST_FILE = HCDeviceInfo/Info.plist;
				INFOPLIST_KEY_UIApplicationSupportsIndirectInputEvents = YES;
				INFOPLIST_KEY_UILaunchStoryboardName = LaunchScreen;
				INFOPLIST_KEY_UIMainStoryboardFile = Main;
				INFOPLIST_KEY_UISupportedInterfaceOrientations_iPad = "UIInterfaceOrientationPortrait UIInterfaceOrientationPortraitUpsideDown UIInterfaceOrientationLandscapeLeft UIInterfaceOrientationLandscapeRight";
				INFOPLIST_KEY_UISupportedInterfaceOrientations_iPhone = "UIInterfaceOrientationPortrait UIInterfaceOrientationLandscapeLeft UIInterfaceOrientationLandscapeRight";
				IPHONEOS_DEPLOYMENT_TARGET = 12.0;
				LD_RUNPATH_SEARCH_PATHS = (
					"$(inherited)",
					"@executable_path/Frameworks",
				);
				MARKETING_VERSION = 1.0;
				PRODUCT_BUNDLE_IDENTIFIER = WhiteWhaleTech.HCDeviceInfo;
				PRODUCT_NAME = "$(TARGET_NAME)";
				SWIFT_EMIT_LOC_STRINGS = YES;
				TARGETED_DEVICE_FAMILY = "1,2";
			};
			name = Release;
		};
/* End XCBuildConfiguration section */

/* Begin XCConfigurationList section */
		019F8B982A1B1F8000AB835D /* Build configuration list for PBXProject "HCDeviceInfo" */ = {
			isa = XCConfigurationList;
			buildConfigurations = (
				019F8BB42A1B1F8200AB835D /* Debug */,
				019F8BB52A1B1F8200AB835D /* Release */,
			);
			defaultConfigurationIsVisible = 0;
			defaultConfigurationName = Release;
		};
		019F8BB62A1B1F8200AB835D /* Build configuration list for PBXNativeTarget "HCDeviceInfo" */ = {
			isa = XCConfigurationList;
			buildConfigurations = (
				019F8BB72A1B1F8200AB835D /* Debug */,
				019F8BB82A1B1F8200AB835D /* Release */,
			);
			defaultConfigurationIsVisible = 0;
			defaultConfigurationName = Release;
		};
/* End XCConfigurationList section */
	};
	rootObject = 019F8B952A1B1F8000AB835D /* Project object */;
}
